
Microsoft Visual Studio Solution File, Format Version 12.00
# Visual Studio 15
VisualStudioVersion = 15.0.28307.168
MinimumVisualStudioVersion = 10.0.40219.1
Project("{FAE04EC0-301F-11D3-BF4B-00C04F79EFBC}") = "01_Challenge", "01_Challenge\01_Challenge.csproj", "{0B4E1DEB-EAAD-4396-9769-FF28F974CB79}"
EndProject
Project("{FAE04EC0-301F-11D3-BF4B-00C04F79EFBC}") = "01_Challenge_Tests", "01_Challenge_Tests\01_Challenge_Tests.csproj", "{1302A340-347B-4C3A-BE2F-AB6A805CF10F}"
EndProject
Project("{FAE04EC0-301F-11D3-BF4B-00C04F79EFBC}") = "03_Challenge", "03_Challenge\03_Challenge.csproj", "{F592B473-F56C-4726-BB25-F981E10E47CA}"
EndProject
Project("{FAE04EC0-301F-11D3-BF4B-00C04F79EFBC}") = "03_Challenge_Tests", "03_Challenge_Tests\03_Challenge_Tests.csproj", "{FD51CD78-35E6-488D-A618-D048817559AC}"
EndProject
Project("{FAE04EC0-301F-11D3-BF4B-00C04F79EFBC}") = "08_Challenge", "08_Challenge\08_Challenge.csproj", "{3F7E9526-78B5-4B3D-B013-B0E1ECD061B3}"
EndProject
Project("{FAE04EC0-301F-11D3-BF4B-00C04F79EFBC}") = "08_Challenge_Tests", "08_Challenge_Tests\08_Challenge_Tests.csproj", "{FFBC37A6-B6DC-4C0E-B1D9-268D7CAA9023}"
EndProject
Project("{FAE04EC0-301F-11D3-BF4B-00C04F79EFBC}") = "02_Challenge", "02_Challenge\02_Challenge.csproj", "{F929A7E9-88BE-4349-A7B6-DBFE704F41C6}"
EndProject
Project("{FAE04EC0-301F-11D3-BF4B-00C04F79EFBC}") = "02_Challenge_Tests", "02_Challenge_Tests\02_Challenge_Tests.csproj", "{59A4F2F1-4D75-4491-B1D1-AA1E6CE2066D}"
EndProject
Global
	GlobalSection(SolutionConfigurationPlatforms) = preSolution
		Debug|Any CPU = Debug|Any CPU
		Release|Any CPU = Release|Any CPU
	EndGlobalSection
	GlobalSection(ProjectConfigurationPlatforms) = postSolution
		{0B4E1DEB-EAAD-4396-9769-FF28F974CB79}.Debug|Any CPU.ActiveCfg = Debug|Any CPU
		{0B4E1DEB-EAAD-4396-9769-FF28F974CB79}.Debug|Any CPU.Build.0 = Debug|Any CPU
		{0B4E1DEB-EAAD-4396-9769-FF28F974CB79}.Release|Any CPU.ActiveCfg = Release|Any CPU
		{0B4E1DEB-EAAD-4396-9769-FF28F974CB79}.Release|Any CPU.Build.0 = Release|Any CPU
		{1302A340-347B-4C3A-BE2F-AB6A805CF10F}.Debug|Any CPU.ActiveCfg = Debug|Any CPU
		{1302A340-347B-4C3A-BE2F-AB6A805CF10F}.Debug|Any CPU.Build.0 = Debug|Any CPU
		{1302A340-347B-4C3A-BE2F-AB6A805CF10F}.Release|Any CPU.ActiveCfg = Release|Any CPU
		{1302A340-347B-4C3A-BE2F-AB6A805CF10F}.Release|Any CPU.Build.0 = Release|Any CPU
		{F592B473-F56C-4726-BB25-F981E10E47CA}.Debug|Any CPU.ActiveCfg = Debug|Any CPU
		{F592B473-F56C-4726-BB25-F981E10E47CA}.Debug|Any CPU.Build.0 = Debug|Any CPU
		{F592B473-F56C-4726-BB25-F981E10E47CA}.Release|Any CPU.ActiveCfg = Release|Any CPU
		{F592B473-F56C-4726-BB25-F981E10E47CA}.Release|Any CPU.Build.0 = Release|Any CPU
		{FD51CD78-35E6-488D-A618-D048817559AC}.Debug|Any CPU.ActiveCfg = Debug|Any CPU
		{FD51CD78-35E6-488D-A618-D048817559AC}.Debug|Any CPU.Build.0 = Debug|Any CPU
		{FD51CD78-35E6-488D-A618-D048817559AC}.Release|Any CPU.ActiveCfg = Release|Any CPU
		{FD51CD78-35E6-488D-A618-D048817559AC}.Release|Any CPU.Build.0 = Release|Any CPU
		{3F7E9526-78B5-4B3D-B013-B0E1ECD061B3}.Debug|Any CPU.ActiveCfg = Debug|Any CPU
		{3F7E9526-78B5-4B3D-B013-B0E1ECD061B3}.Debug|Any CPU.Build.0 = Debug|Any CPU
		{3F7E9526-78B5-4B3D-B013-B0E1ECD061B3}.Release|Any CPU.ActiveCfg = Release|Any CPU
		{3F7E9526-78B5-4B3D-B013-B0E1ECD061B3}.Release|Any CPU.Build.0 = Release|Any CPU
		{FFBC37A6-B6DC-4C0E-B1D9-268D7CAA9023}.Debug|Any CPU.ActiveCfg = Debug|Any CPU
		{FFBC37A6-B6DC-4C0E-B1D9-268D7CAA9023}.Debug|Any CPU.Build.0 = Debug|Any CPU
		{FFBC37A6-B6DC-4C0E-B1D9-268D7CAA9023}.Release|Any CPU.ActiveCfg = Release|Any CPU
		{FFBC37A6-B6DC-4C0E-B1D9-268D7CAA9023}.Release|Any CPU.Build.0 = Release|Any CPU
		{F929A7E9-88BE-4349-A7B6-DBFE704F41C6}.Debug|Any CPU.ActiveCfg = Debug|Any CPU
		{F929A7E9-88BE-4349-A7B6-DBFE704F41C6}.Debug|Any CPU.Build.0 = Debug|Any CPU
		{F929A7E9-88BE-4349-A7B6-DBFE704F41C6}.Release|Any CPU.ActiveCfg = Release|Any CPU
		{F929A7E9-88BE-4349-A7B6-DBFE704F41C6}.Release|Any CPU.Build.0 = Release|Any CPU
		{59A4F2F1-4D75-4491-B1D1-AA1E6CE2066D}.Debug|Any CPU.ActiveCfg = Debug|Any CPU
		{59A4F2F1-4D75-4491-B1D1-AA1E6CE2066D}.Debug|Any CPU.Build.0 = Debug|Any CPU
		{59A4F2F1-4D75-4491-B1D1-AA1E6CE2066D}.Release|Any CPU.ActiveCfg = Release|Any CPU
		{59A4F2F1-4D75-4491-B1D1-AA1E6CE2066D}.Release|Any CPU.Build.0 = Release|Any CPU
	EndGlobalSection
	GlobalSection(SolutionProperties) = preSolution
		HideSolutionNode = FALSE
	EndGlobalSection
	GlobalSection(ExtensibilityGlobals) = postSolution
		SolutionGuid = {329B2FEF-A3DE-409D-96CB-499A4EC2950E}
	EndGlobalSection
EndGlobal
